
Microsoft Visual Studio Solution File, Format Version 12.00
# Visual Studio Version 16
VisualStudioVersion = 16.0.31025.194
MinimumVisualStudioVersion = 10.0.40219.1
Project("{FAE04EC0-301F-11D3-BF4B-00C04F79EFBC}") = "WinFormExecs2", "WinFormExecs2.csproj", "{6DC811FB-C4E2-4A4E-8489-73B8CC3382CB}"
EndProject
Global
	GlobalSection(SolutionConfigurationPlatforms) = preSolution
		Debug|Any CPU = Debug|Any CPU
		Release|Any CPU = Release|Any CPU
	EndGlobalSection
	GlobalSection(ProjectConfigurationPlatforms) = postSolution
		{6DC811FB-C4E2-4A4E-8489-73B8CC3382CB}.Debug|Any CPU.ActiveCfg = Debug|Any CPU
		{6DC811FB-C4E2-4A4E-8489-73B8CC3382CB}.Debug|Any CPU.Build.0 = Debug|Any CPU
		{6DC811FB-C4E2-4A4E-8489-73B8CC3382CB}.Release|Any CPU.ActiveCfg = Release|Any CPU
		{6DC811FB-C4E2-4A4E-8489-73B8CC3382CB}.Release|Any CPU.Build.0 = Release|Any CPU
	EndGlobalSection
	GlobalSection(SolutionProperties) = preSolution
		HideSolutionNode = FALSE
	EndGlobalSection
	GlobalSection(ExtensibilityGlobals) = postSolution
		SolutionGuid = {AAD08A83-9041-48DA-BEAC-2FB66DD9C542}
	EndGlobalSection
EndGlobal
