
Microsoft Visual Studio Solution File, Format Version 12.00
# Visual Studio Version 16
VisualStudioVersion = 16.0.31205.134
MinimumVisualStudioVersion = 10.0.40219.1
Project("{FAE04EC0-301F-11D3-BF4B-00C04F79EFBC}") = "OOpt4", "OOpt4.csproj", "{1E3F1072-90D5-44A9-829B-E4013EB77802}"
EndProject
Global
	GlobalSection(SolutionConfigurationPlatforms) = preSolution
		Debug|Any CPU = Debug|Any CPU
		Release|Any CPU = Release|Any CPU
	EndGlobalSection
	GlobalSection(ProjectConfigurationPlatforms) = postSolution
		{1E3F1072-90D5-44A9-829B-E4013EB77802}.Debug|Any CPU.ActiveCfg = Debug|Any CPU
		{1E3F1072-90D5-44A9-829B-E4013EB77802}.Debug|Any CPU.Build.0 = Debug|Any CPU
		{1E3F1072-90D5-44A9-829B-E4013EB77802}.Release|Any CPU.ActiveCfg = Release|Any CPU
		{1E3F1072-90D5-44A9-829B-E4013EB77802}.Release|Any CPU.Build.0 = Release|Any CPU
	EndGlobalSection
	GlobalSection(SolutionProperties) = preSolution
		HideSolutionNode = FALSE
	EndGlobalSection
	GlobalSection(ExtensibilityGlobals) = postSolution
		SolutionGuid = {D26DEDF9-E532-4C51-B878-C844B246AACA}
	EndGlobalSection
EndGlobal
